
Microsoft Visual Studio Solution File, Format Version 12.00
# Visual Studio Version 17
VisualStudioVersion = 17.14.36327.8 d17.14
MinimumVisualStudioVersion = 10.0.40219.1
Project("{FAE04EC0-301F-11D3-BF4B-00C04F79EFBC}") = "WebApplication3", "WebApplication3\WebApplication3.csproj", "{CDB77F76-A633-4103-9447-981333FAB349}"
EndProject
Global
	GlobalSection(SolutionConfigurationPlatforms) = preSolution
		Debug|Any CPU = Debug|Any CPU
		Release|Any CPU = Release|Any CPU
	EndGlobalSection
	GlobalSection(ProjectConfigurationPlatforms) = postSolution
		{CDB77F76-A633-4103-9447-981333FAB349}.Debug|Any CPU.ActiveCfg = Debug|Any CPU
		{CDB77F76-A633-4103-9447-981333FAB349}.Debug|Any CPU.Build.0 = Debug|Any CPU
		{CDB77F76-A633-4103-9447-981333FAB349}.Release|Any CPU.ActiveCfg = Release|Any CPU
		{CDB77F76-A633-4103-9447-981333FAB349}.Release|Any CPU.Build.0 = Release|Any CPU
	EndGlobalSection
	GlobalSection(SolutionProperties) = preSolution
		HideSolutionNode = FALSE
	EndGlobalSection
	GlobalSection(ExtensibilityGlobals) = postSolution
		SolutionGuid = {D45E4DA5-F5BF-41DA-A760-5729A91FD012}
	EndGlobalSection
EndGlobal
